// !$*UTF8*$!
{
	archiveVersion = 1;
	classes = {
	};
	objectVersion = 46;
	objects = {

/* Begin PBXBuildFile section */
		F99596A91F3D505800888A9B /* AppDelegate.swift in Sources */ = {isa = PBXBuildFile; fileRef = F99596A81F3D505800888A9B /* AppDelegate.swift */; };
		F99596AB1F3D505800888A9B /* TipViewController.swift in Sources */ = {isa = PBXBuildFile; fileRef = F99596AA1F3D505800888A9B /* TipViewController.swift */; };
		F99596AE1F3D505800888A9B /* Main.storyboard in Resources */ = {isa = PBXBuildFile; fileRef = F99596AC1F3D505800888A9B /* Main.storyboard */; };
		F99596B01F3D505800888A9B /* Assets.xcassets in Resources */ = {isa = PBXBuildFile; fileRef = F99596AF1F3D505800888A9B /* Assets.xcassets */; };
		F99596B31F3D505800888A9B /* LaunchScreen.storyboard in Resources */ = {isa = PBXBuildFile; fileRef = F99596B11F3D505800888A9B /* LaunchScreen.storyboard */; };
		F99596BE1F3D505800888A9B /* tippyTests.swift in Sources */ = {isa = PBXBuildFile; fileRef = F99596BD1F3D505800888A9B /* tippyTests.swift */; };
		F99596C91F3D505800888A9B /* tippyUITests.swift in Sources */ = {isa = PBXBuildFile; fileRef = F99596C81F3D505800888A9B /* tippyUITests.swift */; };
		F99596EB1F42A3B200888A9B /* SettingsViewController.swift in Sources */ = {isa = PBXBuildFile; fileRef = F99596EA1F42A3B200888A9B /* SettingsViewController.swift */; };
		F9FC4E621F4D4DE200F78906 /* KeyConstants.swift in Sources */ = {isa = PBXBuildFile; fileRef = F9FC4E611F4D4DE200F78906 /* KeyConstants.swift */; };
		F9FC4E631F4D4DE200F78906 /* KeyConstants.swift in Sources */ = {isa = PBXBuildFile; fileRef = F9FC4E611F4D4DE200F78906 /* KeyConstants.swift */; };
		F9FC4E641F4D4DE200F78906 /* KeyConstants.swift in Sources */ = {isa = PBXBuildFile; fileRef = F9FC4E611F4D4DE200F78906 /* KeyConstants.swift */; };
/* End PBXBuildFile section */

/* Begin PBXContainerItemProxy section */
		F99596BA1F3D505800888A9B /* PBXContainerItemProxy */ = {
			isa = PBXContainerItemProxy;
			containerPortal = F995969D1F3D505800888A9B /* Project object */;
			proxyType = 1;
			remoteGlobalIDString = F99596A41F3D505800888A9B;
			remoteInfo = tippy;
		};
		F99596C51F3D505800888A9B /* PBXContainerItemProxy */ = {
			isa = PBXContainerItemProxy;
			containerPortal = F995969D1F3D505800888A9B /* Project object */;
			proxyType = 1;
			remoteGlobalIDString = F99596A41F3D505800888A9B;
			remoteInfo = tippy;
		};
/* End PBXContainerItemProxy section */

/* Begin PBXFileReference section */
		F99596A51F3D505800888A9B /* tippy.app */ = {isa = PBXFileReference; explicitFileType = wrapper.application; includeInIndex = 0; path = tippy.app; sourceTree = BUILT_PRODUCTS_DIR; };
		F99596A81F3D505800888A9B /* AppDelegate.swift */ = {isa = PBXFileReference; lastKnownFileType = sourcecode.swift; path = AppDelegate.swift; sourceTree = "<group>"; };
		F99596AA1F3D505800888A9B /* TipViewController.swift */ = {isa = PBXFileReference; lastKnownFileType = sourcecode.swift; path = TipViewController.swift; sourceTree = "<group>"; };
		F99596AD1F3D505800888A9B /* Base */ = {isa = PBXFileReference; lastKnownFileType = file.storyboard; name = Base; path = Base.lproj/Main.storyboard; sourceTree = "<group>"; };
		F99596AF1F3D505800888A9B /* Assets.xcassets */ = {isa = PBXFileReference; lastKnownFileType = folder.assetcatalog; path = Assets.xcassets; sourceTree = "<group>"; };
		F99596B21F3D505800888A9B /* Base */ = {isa = PBXFileReference; lastKnownFileType = file.storyboard; name = Base; path = Base.lproj/LaunchScreen.storyboard; sourceTree = "<group>"; };
		F99596B41F3D505800888A9B /* Info.plist */ = {isa = PBXFileReference; lastKnownFileType = text.plist.xml; path = Info.plist; sourceTree = "<group>"; };
		F99596B91F3D505800888A9B /* tippyTests.xctest */ = {isa = PBXFileReference; explicitFileType = wrapper.cfbundle; includeInIndex = 0; path = tippyTests.xctest; sourceTree = BUILT_PRODUCTS_DIR; };
		F99596BD1F3D505800888A9B /* tippyTests.swift */ = {isa = PBXFileReference; lastKnownFileType = sourcecode.swift; path = tippyTests.swift; sourceTree = "<group>"; };
		F99596BF1F3D505800888A9B /* Info.plist */ = {isa = PBXFileReference; lastKnownFileType = text.plist.xml; path = Info.plist; sourceTree = "<group>"; };
		F99596C41F3D505800888A9B /* tippyUITests.xctest */ = {isa = PBXFileReference; explicitFileType = wrapper.cfbundle; includeInIndex = 0; path = tippyUITests.xctest; sourceTree = BUILT_PRODUCTS_DIR; };
		F99596C81F3D505800888A9B /* tippyUITests.swift */ = {isa = PBXFileReference; lastKnownFileType = sourcecode.swift; path = tippyUITests.swift; sourceTree = "<group>"; };
		F99596CA1F3D505800888A9B /* Info.plist */ = {isa = PBXFileReference; lastKnownFileType = text.plist.xml; path = Info.plist; sourceTree = "<group>"; };
		F99596EA1F42A3B200888A9B /* SettingsViewController.swift */ = {isa = PBXFileReference; fileEncoding = 4; lastKnownFileType = sourcecode.swift; path = SettingsViewController.swift; sourceTree = "<group>"; };
		F9FC4E611F4D4DE200F78906 /* KeyConstants.swift */ = {isa = PBXFileReference; fileEncoding = 4; lastKnownFileType = sourcecode.swift; path = KeyConstants.swift; sourceTree = "<group>"; };
/* End PBXFileReference section */

/* Begin PBXFrameworksBuildPhase section */
		F99596A21F3D505800888A9B /* Frameworks */ = {
			isa = PBXFrameworksBuildPhase;
			buildActionMask = 2147483647;
			files = (
			);
			runOnlyForDeploymentPostprocessing = 0;
		};
		F99596B61F3D505800888A9B /* Frameworks */ = {
			isa = PBXFrameworksBuildPhase;
			buildActionMask = 2147483647;
			files = (
			);
			runOnlyForDeploymentPostprocessing = 0;
		};
		F99596C11F3D505800888A9B /* Frameworks */ = {
			isa = PBXFrameworksBuildPhase;
			buildActionMask = 2147483647;
			files = (
			);
			runOnlyForDeploymentPostprocessing = 0;
		};
/* End PBXFrameworksBuildPhase section */

/* Begin PBXGroup section */
		F995969C1F3D505800888A9B = {
			isa = PBXGroup;
			children = (
				F99596A71F3D505800888A9B /* tippy */,
				F99596BC1F3D505800888A9B /* tippyTests */,
				F99596C71F3D505800888A9B /* tippyUITests */,
				F99596A61F3D505800888A9B /* Products */,
			);
			sourceTree = "<group>";
		};
		F99596A61F3D505800888A9B /* Products */ = {
			isa = PBXGroup;
			children = (
				F99596A51F3D505800888A9B /* tippy.app */,
				F99596B91F3D505800888A9B /* tippyTests.xctest */,
				F99596C41F3D505800888A9B /* tippyUITests.xctest */,
			);
			name = Products;
			sourceTree = "<group>";
		};
		F99596A71F3D505800888A9B /* tippy */ = {
			isa = PBXGroup;
			children = (
				F99596EA1F42A3B200888A9B /* SettingsViewController.swift */,
				F99596A81F3D505800888A9B /* AppDelegate.swift */,
				F99596AA1F3D505800888A9B /* TipViewController.swift */,
				F99596AC1F3D505800888A9B /* Main.storyboard */,
				F99596AF1F3D505800888A9B /* Assets.xcassets */,
				F99596B11F3D505800888A9B /* LaunchScreen.storyboard */,
				F99596B41F3D505800888A9B /* Info.plist */,
				F9FC4E611F4D4DE200F78906 /* KeyConstants.swift */,
			);
			path = tippy;
			sourceTree = "<group>";
		};
		F99596BC1F3D505800888A9B /* tippyTests */ = {
			isa = PBXGroup;
			children = (
				F99596BD1F3D505800888A9B /* tippyTests.swift */,
				F99596BF1F3D505800888A9B /* Info.plist */,
			);
			path = tippyTests;
			sourceTree = "<group>";
		};
		F99596C71F3D505800888A9B /* tippyUITests */ = {
			isa = PBXGroup;
			children = (
				F99596C81F3D505800888A9B /* tippyUITests.swift */,
				F99596CA1F3D505800888A9B /* Info.plist */,
			);
			path = tippyUITests;
			sourceTree = "<group>";
		};
/* End PBXGroup section */

/* Begin PBXNativeTarget section */
		F99596A41F3D505800888A9B /* tippy */ = {
			isa = PBXNativeTarget;
			buildConfigurationList = F99596CD1F3D505800888A9B /* Build configuration list for PBXNativeTarget "tippy" */;
			buildPhases = (
				F99596A11F3D505800888A9B /* Sources */,
				F99596A21F3D505800888A9B /* Frameworks */,
				F99596A31F3D505800888A9B /* Resources */,
			);
			buildRules = (
			);
			dependencies = (
			);
			name = tippy;
			productName = tippy;
			productReference = F99596A51F3D505800888A9B /* tippy.app */;
			productType = "com.apple.product-type.application";
		};
		F99596B81F3D505800888A9B /* tippyTests */ = {
			isa = PBXNativeTarget;
			buildConfigurationList = F99596D01F3D505800888A9B /* Build configuration list for PBXNativeTarget "tippyTests" */;
			buildPhases = (
				F99596B51F3D505800888A9B /* Sources */,
				F99596B61F3D505800888A9B /* Frameworks */,
				F99596B71F3D505800888A9B /* Resources */,
			);
			buildRules = (
			);
			dependencies = (
				F99596BB1F3D505800888A9B /* PBXTargetDependency */,
			);
			name = tippyTests;
			productName = tippyTests;
			productReference = F99596B91F3D505800888A9B /* tippyTests.xctest */;
			productType = "com.apple.product-type.bundle.unit-test";
		};
		F99596C31F3D505800888A9B /* tippyUITests */ = {
			isa = PBXNativeTarget;
			buildConfigurationList = F99596D31F3D505800888A9B /* Build configuration list for PBXNativeTarget "tippyUITests" */;
			buildPhases = (
				F99596C01F3D505800888A9B /* Sources */,
				F99596C11F3D505800888A9B /* Frameworks */,
				F99596C21F3D505800888A9B /* Resources */,
			);
			buildRules = (
			);
			dependencies = (
				F99596C61F3D505800888A9B /* PBXTargetDependency */,
			);
			name = tippyUITests;
			productName = tippyUITests;
			productReference = F99596C41F3D505800888A9B /* tippyUITests.xctest */;
			productType = "com.apple.product-type.bundle.ui-testing";
		};
/* End PBXNativeTarget section */

/* Begin PBXProject section */
		F995969D1F3D505800888A9B /* Project object */ = {
			isa = PBXProject;
			attributes = {
				LastSwiftUpdateCheck = 0830;
				LastUpgradeCheck = 0830;
				ORGANIZATIONNAME = "Ester Bogod";
				TargetAttributes = {
					F99596A41F3D505800888A9B = {
						CreatedOnToolsVersion = 8.3.3;
						ProvisioningStyle = Automatic;
					};
					F99596B81F3D505800888A9B = {
						CreatedOnToolsVersion = 8.3.3;
						ProvisioningStyle = Automatic;
						TestTargetID = F99596A41F3D505800888A9B;
					};
					F99596C31F3D505800888A9B = {
						CreatedOnToolsVersion = 8.3.3;
						ProvisioningStyle = Automatic;
						TestTargetID = F99596A41F3D505800888A9B;
					};
				};
			};
			buildConfigurationList = F99596A01F3D505800888A9B /* Build configuration list for PBXProject "tippy" */;
			compatibilityVersion = "Xcode 3.2";
			developmentRegion = English;
			hasScannedForEncodings = 0;
			knownRegions = (
				en,
				Base,
			);
			mainGroup = F995969C1F3D505800888A9B;
			productRefGroup = F99596A61F3D505800888A9B /* Products */;
			projectDirPath = "";
			projectRoot = "";
			targets = (
				F99596A41F3D505800888A9B /* tippy */,
				F99596B81F3D505800888A9B /* tippyTests */,
				F99596C31F3D505800888A9B /* tippyUITests */,
			);
		};
/* End PBXProject section */

/* Begin PBXResourcesBuildPhase section */
		F99596A31F3D505800888A9B /* Resources */ = {
			isa = PBXResourcesBuildPhase;
			buildActionMask = 2147483647;
			files = (
				F99596B31F3D505800888A9B /* LaunchScreen.storyboard in Resources */,
				F99596B01F3D505800888A9B /* Assets.xcassets in Resources */,
				F99596AE1F3D505800888A9B /* Main.storyboard in Resources */,
			);
			runOnlyForDeploymentPostprocessing = 0;
		};
		F99596B71F3D505800888A9B /* Resources */ = {
			isa = PBXResourcesBuildPhase;
			buildActionMask = 2147483647;
			files = (
			);
			runOnlyForDeploymentPostprocessing = 0;
		};
		F99596C21F3D505800888A9B /* Resources */ = {
			isa = PBXResourcesBuildPhase;
			buildActionMask = 2147483647;
			files = (
			);
			runOnlyForDeploymentPostprocessing = 0;
		};
/* End PBXResourcesBuildPhase section */

/* Begin PBXSourcesBuildPhase section */
		F99596A11F3D505800888A9B /* Sources */ = {
			isa = PBXSourcesBuildPhase;
			buildActionMask = 2147483647;
			files = (
				F99596AB1F3D505800888A9B /* TipViewController.swift in Sources */,
				F99596A91F3D505800888A9B /* AppDelegate.swift in Sources */,
				F99596EB1F42A3B200888A9B /* SettingsViewController.swift in Sources */,
				F9FC4E621F4D4DE200F78906 /* KeyConstants.swift in Sources */,
			);
			runOnlyForDeploymentPostprocessing = 0;
		};
		F99596B51F3D505800888A9B /* Sources */ = {
			isa = PBXSourcesBuildPhase;
			buildActionMask = 2147483647;
			files = (
				F99596BE1F3D505800888A9B /* tippyTests.swift in Sources */,
				F9FC4E631F4D4DE200F78906 /* KeyConstants.swift in Sources */,
			);
			runOnlyForDeploymentPostprocessing = 0;
		};
		F99596C01F3D505800888A9B /* Sources */ = {
			isa = PBXSourcesBuildPhase;
			buildActionMask = 2147483647;
			files = (
				F99596C91F3D505800888A9B /* tippyUITests.swift in Sources */,
				F9FC4E641F4D4DE200F78906 /* KeyConstants.swift in Sources */,
			);
			runOnlyForDeploymentPostprocessing = 0;
		};
/* End PBXSourcesBuildPhase section */

/* Begin PBXTargetDependency section */
		F99596BB1F3D505800888A9B /* PBXTargetDependency */ = {
			isa = PBXTargetDependency;
			target = F99596A41F3D505800888A9B /* tippy */;
			targetProxy = F99596BA1F3D505800888A9B /* PBXContainerItemProxy */;
		};
		F99596C61F3D505800888A9B /* PBXTargetDependency */ = {
			isa = PBXTargetDependency;
			target = F99596A41F3D505800888A9B /* tippy */;
			targetProxy = F99596C51F3D505800888A9B /* PBXContainerItemProxy */;
		};
/* End PBXTargetDependency section */

/* Begin PBXVariantGroup section */
		F99596AC1F3D505800888A9B /* Main.storyboard */ = {
			isa = PBXVariantGroup;
			children = (
				F99596AD1F3D505800888A9B /* Base */,
			);
			name = Main.storyboard;
			sourceTree = "<group>";
		};
		F99596B11F3D505800888A9B /* LaunchScreen.storyboard */ = {
			isa = PBXVariantGroup;
			children = (
				F99596B21F3D505800888A9B /* Base */,
			);
			name = LaunchScreen.storyboard;
			sourceTree = "<group>";
		};
/* End PBXVariantGroup section */

/* Begin XCBuildConfiguration section */
		F99596CB1F3D505800888A9B /* Debug */ = {
			isa = XCBuildConfiguration;
			buildSettings = {
				ALWAYS_SEARCH_USER_PATHS = NO;
				CLANG_ANALYZER_NONNULL = YES;
				CLANG_ANALYZER_NUMBER_OBJECT_CONVERSION = YES_AGGRESSIVE;
				CLANG_CXX_LANGUAGE_STANDARD = "gnu++0x";
				CLANG_CXX_LIBRARY = "libc++";
				CLANG_ENABLE_MODULES = YES;
				CLANG_ENABLE_OBJC_ARC = YES;
				CLANG_WARN_BOOL_CONVERSION = YES;
				CLANG_WARN_CONSTANT_CONVERSION = YES;
				CLANG_WARN_DIRECT_OBJC_ISA_USAGE = YES_ERROR;
				CLANG_WARN_DOCUMENTATION_COMMENTS = YES;
				CLANG_WARN_EMPTY_BODY = YES;
				CLANG_WARN_ENUM_CONVERSION = YES;
				CLANG_WARN_INFINITE_RECURSION = YES;
				CLANG_WARN_INT_CONVERSION = YES;
				CLANG_WARN_OBJC_ROOT_CLASS = YES_ERROR;
				CLANG_WARN_SUSPICIOUS_MOVE = YES;
				CLANG_WARN_UNREACHABLE_CODE = YES;
				CLANG_WARN__DUPLICATE_METHOD_MATCH = YES;
				"CODE_SIGN_IDENTITY[sdk=iphoneos*]" = "iPhone Developer";
				COPY_PHASE_STRIP = NO;
				DEBUG_INFORMATION_FORMAT = dwarf;
				ENABLE_STRICT_OBJC_MSGSEND = YES;
				ENABLE_TESTABILITY = YES;
				GCC_C_LANGUAGE_STANDARD = gnu99;
				GCC_DYNAMIC_NO_PIC = NO;
				GCC_NO_COMMON_BLOCKS = YES;
				GCC_OPTIMIZATION_LEVEL = 0;
				GCC_PREPROCESSOR_DEFINITIONS = (
					"DEBUG=1",
					"$(inherited)",
				);
				GCC_WARN_64_TO_32_BIT_CONVERSION = YES;
				GCC_WARN_ABOUT_RETURN_TYPE = YES_ERROR;
				GCC_WARN_UNDECLARED_SELECTOR = YES;
				GCC_WARN_UNINITIALIZED_AUTOS = YES_AGGRESSIVE;
				GCC_WARN_UNUSED_FUNCTION = YES;
				GCC_WARN_UNUSED_VARIABLE = YES;
				IPHONEOS_DEPLOYMENT_TARGET = 10.3;
				MTL_ENABLE_DEBUG_INFO = YES;
				ONLY_ACTIVE_ARCH = YES;
				SDKROOT = iphoneos;
				SWIFT_ACTIVE_COMPILATION_CONDITIONS = DEBUG;
				SWIFT_OPTIMIZATION_LEVEL = "-Onone";
			};
			name = Debug;
		};
		F99596CC1F3D505800888A9B /* Release */ = {
			isa = XCBuildConfiguration;
			buildSettings = {
				ALWAYS_SEARCH_USER_PATHS = NO;
				CLANG_ANALYZER_NONNULL = YES;
				CLANG_ANALYZER_NUMBER_OBJECT_CONVERSION = YES_AGGRESSIVE;
				CLANG_CXX_LANGUAGE_STANDARD = "gnu++0x";
				CLANG_CXX_LIBRARY = "libc++";
				CLANG_ENABLE_MODULES = YES;
				CLANG_ENABLE_OBJC_ARC = YES;
				CLANG_WARN_BOOL_CONVERSION = YES;
				CLANG_WARN_CONSTANT_CONVERSION = YES;
				CLANG_WARN_DIRECT_OBJC_ISA_USAGE = YES_ERROR;
				CLANG_WARN_DOCUMENTATION_COMMENTS = YES;
				CLANG_WARN_EMPTY_BODY = YES;
				CLANG_WARN_ENUM_CONVERSION = YES;
				CLANG_WARN_INFINITE_RECURSION = YES;
				CLANG_WARN_INT_CONVERSION = YES;
				CLANG_WARN_OBJC_ROOT_CLASS = YES_ERROR;
				CLANG_WARN_SUSPICIOUS_MOVE = YES;
				CLANG_WARN_UNREACHABLE_CODE = YES;
				CLANG_WARN__DUPLICATE_METHOD_MATCH = YES;
				"CODE_SIGN_IDENTITY[sdk=iphoneos*]" = "iPhone Developer";
				COPY_PHASE_STRIP = NO;
				DEBUG_INFORMATION_FORMAT = "dwarf-with-dsym";
				ENABLE_NS_ASSERTIONS = NO;
				ENABLE_STRICT_OBJC_MSGSEND = YES;
				GCC_C_LANGUAGE_STANDARD = gnu99;
				GCC_NO_COMMON_BLOCKS = YES;
				GCC_WARN_64_TO_32_BIT_CONVERSION = YES;
				GCC_WARN_ABOUT_RETURN_TYPE = YES_ERROR;
				GCC_WARN_UNDECLARED_SELECTOR = YES;
				GCC_WARN_UNINITIALIZED_AUTOS = YES_AGGRESSIVE;
				GCC_WARN_UNUSED_FUNCTION = YES;
				GCC_WARN_UNUSED_VARIABLE = YES;
				IPHONEOS_DEPLOYMENT_TARGET = 10.3;
				MTL_ENABLE_DEBUG_INFO = NO;
				SDKROOT = iphoneos;
				SWIFT_OPTIMIZATION_LEVEL = "-Owholemodule";
				VALIDATE_PRODUCT = YES;
			};
			name = Release;
		};
		F99596CE1F3D505800888A9B /* Debug */ = {
			isa = XCBuildConfiguration;
			buildSettings = {
				ASSETCATALOG_COMPILER_APPICON_NAME = AppIcon;
				INFOPLIST_FILE = tippy/Info.plist;
				LD_RUNPATH_SEARCH_PATHS = "$(inherited) @executable_path/Frameworks";
				PRODUCT_BUNDLE_IDENTIFIER = com.codepath.tippy;
				PRODUCT_NAME = "$(TARGET_NAME)";
				SWIFT_VERSION = 3.0;
			};
			name = Debug;
		};
		F99596CF1F3D505800888A9B /* Release */ = {
			isa = XCBuildConfiguration;
			buildSettings = {
				ASSETCATALOG_COMPILER_APPICON_NAME = AppIcon;
				INFOPLIST_FILE = tippy/Info.plist;
				LD_RUNPATH_SEARCH_PATHS = "$(inherited) @executable_path/Frameworks";
				PRODUCT_BUNDLE_IDENTIFIER = com.codepath.tippy;
				PRODUCT_NAME = "$(TARGET_NAME)";
				SWIFT_VERSION = 3.0;
			};
			name = Release;
		};
		F99596D11F3D505800888A9B /* Debug */ = {
			isa = XCBuildConfiguration;
			buildSettings = {
				ALWAYS_EMBED_SWIFT_STANDARD_LIBRARIES = YES;
				BUNDLE_LOADER = "$(TEST_HOST)";
				INFOPLIST_FILE = tippyTests/Info.plist;
				LD_RUNPATH_SEARCH_PATHS = "$(inherited) @executable_path/Frameworks @loader_path/Frameworks";
				PRODUCT_BUNDLE_IDENTIFIER = com.codepath.tippyTests;
				PRODUCT_NAME = "$(TARGET_NAME)";
				SWIFT_VERSION = 3.0;
				TEST_HOST = "$(BUILT_PRODUCTS_DIR)/tippy.app/tippy";
			};
			name = Debug;
		};
		F99596D21F3D505800888A9B /* Release */ = {
			isa = XCBuildConfiguration;
			buildSettings = {
				ALWAYS_EMBED_SWIFT_STANDARD_LIBRARIES = YES;
				BUNDLE_LOADER = "$(TEST_HOST)";
				INFOPLIST_FILE = tippyTests/Info.plist;
				LD_RUNPATH_SEARCH_PATHS = "$(inherited) @executable_path/Frameworks @loader_path/Frameworks";
				PRODUCT_BUNDLE_IDENTIFIER = com.codepath.tippyTests;
				PRODUCT_NAME = "$(TARGET_NAME)";
				SWIFT_VERSION = 3.0;
				TEST_HOST = "$(BUILT_PRODUCTS_DIR)/tippy.app/tippy";
			};
			name = Release;
		};
		F99596D41F3D505800888A9B /* Debug */ = {
			isa = XCBuildConfiguration;
			buildSettings = {
				ALWAYS_EMBED_SWIFT_STANDARD_LIBRARIES = YES;
				INFOPLIST_FILE = tippyUITests/Info.plist;
				LD_RUNPATH_SEARCH_PATHS = "$(inherited) @executable_path/Frameworks @loader_path/Frameworks";
				PRODUCT_BUNDLE_IDENTIFIER = com.codepath.tippyUITests;
				PRODUCT_NAME = "$(TARGET_NAME)";
				SWIFT_VERSION = 3.0;
				TEST_TARGET_NAME = tippy;
			};
			name = Debug;
		};
		F99596D51F3D505800888A9B /* Release */ = {
			isa = XCBuildConfiguration;
			buildSettings = {
				ALWAYS_EMBED_SWIFT_STANDARD_LIBRARIES = YES;
				INFOPLIST_FILE = tippyUITests/Info.plist;
				LD_RUNPATH_SEARCH_PATHS = "$(inherited) @executable_path/Frameworks @loader_path/Frameworks";
				PRODUCT_BUNDLE_IDENTIFIER = com.codepath.tippyUITests;
				PRODUCT_NAME = "$(TARGET_NAME)";
				SWIFT_VERSION = 3.0;
				TEST_TARGET_NAME = tippy;
			};
			name = Release;
		};
/* End XCBuildConfiguration section */

/* Begin XCConfigurationList section */
		F99596A01F3D505800888A9B /* Build configuration list for PBXProject "tippy" */ = {
			isa = XCConfigurationList;
			buildConfigurations = (
				F99596CB1F3D505800888A9B /* Debug */,
				F99596CC1F3D505800888A9B /* Release */,
			);
			defaultConfigurationIsVisible = 0;
			defaultConfigurationName = Release;
		};
		F99596CD1F3D505800888A9B /* Build configuration list for PBXNativeTarget "tippy" */ = {
			isa = XCConfigurationList;
			buildConfigurations = (
				F99596CE1F3D505800888A9B /* Debug */,
				F99596CF1F3D505800888A9B /* Release */,
			);
			defaultConfigurationIsVisible = 0;
			defaultConfigurationName = Release;
		};
		F99596D01F3D505800888A9B /* Build configuration list for PBXNativeTarget "tippyTests" */ = {
			isa = XCConfigurationList;
			buildConfigurations = (
				F99596D11F3D505800888A9B /* Debug */,
				F99596D21F3D505800888A9B /* Release */,
			);
			defaultConfigurationIsVisible = 0;
			defaultConfigurationName = Release;
		};
		F99596D31F3D505800888A9B /* Build configuration list for PBXNativeTarget "tippyUITests" */ = {
			isa = XCConfigurationList;
			buildConfigurations = (
				F99596D41F3D505800888A9B /* Debug */,
				F99596D51F3D505800888A9B /* Release */,
			);
			defaultConfigurationIsVisible = 0;
			defaultConfigurationName = Release;
		};
/* End XCConfigurationList section */
	};
	rootObject = F995969D1F3D505800888A9B /* Project object */;
}
